{
  "name": "@es-drager/editor",
  "version": "0.0.0",
  "lockfileVersion": 3,
  "requires": true,
  "packages": {
    "": {
      "name": "@es-drager/editor",
      "version": "0.0.0",
      "dependencies": {
        "sortablejs": "^1.15.6"
      },
      "devDependencies": {
        "@types/sortablejs": "^1.15.8",
        "gsap": "^3.12.5"
      }
    },
    "../../node_modules/.pnpm/gsap@3.12.5/node_modules/gsap": {
      "version": "3.12.5",
      "dev": true,
      "license": "Standard 'no charge' license: https://gsap.com/standard-license. Club GSAP members get more: https://gsap.com/licensing/. Why GreenSock doesn't employ an MIT license: https://gsap.com/why-license/"
    },
    "../../node_modules/.pnpm/sortablejs@1.15.6/node_modules/sortablejs": {
      "version": "1.15.6",
      "license": "MIT",
      "devDependencies": {
        "@babel/core": "^7.4.4",
        "@babel/plugin-transform-object-assign": "^7.2.0",
        "@babel/preset-env": "^7.4.4",
        "rollup": "^1.11.3",
        "rollup-plugin-babel": "^4.3.2",
        "rollup-plugin-json": "^4.0.0",
        "rollup-plugin-node-resolve": "^5.0.0",
        "testcafe": "^1.3.1",
        "testcafe-browser-provider-saucelabs": "^1.7.0",
        "testcafe-reporter-xunit": "^2.1.0",
        "uglify-js": "^3.5.12"
      }
    },
    "node_modules/@types/sortablejs": {
      "version": "1.15.8",
      "resolved": "https://registry.npmjs.org/@types/sortablejs/-/sortablejs-1.15.8.tgz",
      "integrity": "sha512-b79830lW+RZfwaztgs1aVPgbasJ8e7AXtZYHTELNXZPsERt4ymJdjV4OccDbHQAvHrCcFpbF78jkm0R6h/pZVg==",
      "dev": true
    },
    "node_modules/gsap": {
      "resolved": "../../node_modules/.pnpm/gsap@3.12.5/node_modules/gsap",
      "link": true
    },
    "node_modules/sortablejs": {
      "resolved": "../../node_modules/.pnpm/sortablejs@1.15.6/node_modules/sortablejs",
      "link": true
    }
  }
}
